
Microsoft Visual Studio Solution File, Format Version 12.00
# Visual Studio Version 16
VisualStudioVersion = 16.0.33214.272
MinimumVisualStudioVersion = 10.0.40219.1
Project("{FAE04EC0-301F-11D3-BF4B-00C04F79EFBC}") = "AlohaWebServiceMobile", "AlohaWebServiceMobile\AlohaWebServiceMobile.csproj", "{A54830F5-F401-4848-8E93-8ABAF90EBCB1}"
EndProject
Project("{FAE04EC0-301F-11D3-BF4B-00C04F79EFBC}") = "AlohaLibrary", "AlohaLibrary\AlohaLibrary.csproj", "{3C37FF9D-6D23-49EF-BFC3-04CECD5DFF21}"
EndProject
Project("{FAE04EC0-301F-11D3-BF4B-00C04F79EFBC}") = "WindowsServiceAlohaMobile", "WindowsServiceAlohaMobile\WindowsServiceAlohaMobile.csproj", "{DD265F88-C8A9-4957-BE5E-1EBECF613C45}"
EndProject
Global
	GlobalSection(SolutionConfigurationPlatforms) = preSolution
		Debug|Any CPU = Debug|Any CPU
		Release|Any CPU = Release|Any CPU
	EndGlobalSection
	GlobalSection(ProjectConfigurationPlatforms) = postSolution
		{A54830F5-F401-4848-8E93-8ABAF90EBCB1}.Debug|Any CPU.ActiveCfg = Debug|Any CPU
		{A54830F5-F401-4848-8E93-8ABAF90EBCB1}.Debug|Any CPU.Build.0 = Debug|Any CPU
		{A54830F5-F401-4848-8E93-8ABAF90EBCB1}.Release|Any CPU.ActiveCfg = Release|Any CPU
		{A54830F5-F401-4848-8E93-8ABAF90EBCB1}.Release|Any CPU.Build.0 = Release|Any CPU
		{3C37FF9D-6D23-49EF-BFC3-04CECD5DFF21}.Debug|Any CPU.ActiveCfg = Debug|Any CPU
		{3C37FF9D-6D23-49EF-BFC3-04CECD5DFF21}.Debug|Any CPU.Build.0 = Debug|Any CPU
		{3C37FF9D-6D23-49EF-BFC3-04CECD5DFF21}.Release|Any CPU.ActiveCfg = Release|Any CPU
		{3C37FF9D-6D23-49EF-BFC3-04CECD5DFF21}.Release|Any CPU.Build.0 = Release|Any CPU
		{DD265F88-C8A9-4957-BE5E-1EBECF613C45}.Debug|Any CPU.ActiveCfg = Debug|Any CPU
		{DD265F88-C8A9-4957-BE5E-1EBECF613C45}.Debug|Any CPU.Build.0 = Debug|Any CPU
		{DD265F88-C8A9-4957-BE5E-1EBECF613C45}.Release|Any CPU.ActiveCfg = Release|Any CPU
		{DD265F88-C8A9-4957-BE5E-1EBECF613C45}.Release|Any CPU.Build.0 = Release|Any CPU
	EndGlobalSection
	GlobalSection(SolutionProperties) = preSolution
		HideSolutionNode = FALSE
	EndGlobalSection
	GlobalSection(ExtensibilityGlobals) = postSolution
		SolutionGuid = {F455BA8D-0E1B-4E8F-A931-EF53F2A27BC7}
	EndGlobalSection
EndGlobal
